
Microsoft Visual Studio Solution File, Format Version 12.00
# Visual Studio Version 16
VisualStudioVersion = 16.0.32228.343
MinimumVisualStudioVersion = 10.0.40219.1
Project("{FAE04EC0-301F-11D3-BF4B-00C04F79EFBC}") = "Model", "Model\Model.csproj", "{C198B51E-AFEF-423A-B523-29C9B8F9BC69}"
EndProject
Project("{FAE04EC0-301F-11D3-BF4B-00C04F79EFBC}") = "View", "View\View.csproj", "{2744C1BF-DE1A-4DAC-BDA1-35F878578CAC}"
EndProject
Global
	GlobalSection(SolutionConfigurationPlatforms) = preSolution
		Debug|Any CPU = Debug|Any CPU
		Release|Any CPU = Release|Any CPU
	EndGlobalSection
	GlobalSection(ProjectConfigurationPlatforms) = postSolution
		{C198B51E-AFEF-423A-B523-29C9B8F9BC69}.Debug|Any CPU.ActiveCfg = Debug|Any CPU
		{C198B51E-AFEF-423A-B523-29C9B8F9BC69}.Debug|Any CPU.Build.0 = Debug|Any CPU
		{C198B51E-AFEF-423A-B523-29C9B8F9BC69}.Release|Any CPU.ActiveCfg = Release|Any CPU
		{C198B51E-AFEF-423A-B523-29C9B8F9BC69}.Release|Any CPU.Build.0 = Release|Any CPU
		{2744C1BF-DE1A-4DAC-BDA1-35F878578CAC}.Debug|Any CPU.ActiveCfg = Debug|Any CPU
		{2744C1BF-DE1A-4DAC-BDA1-35F878578CAC}.Debug|Any CPU.Build.0 = Debug|Any CPU
		{2744C1BF-DE1A-4DAC-BDA1-35F878578CAC}.Release|Any CPU.ActiveCfg = Release|Any CPU
		{2744C1BF-DE1A-4DAC-BDA1-35F878578CAC}.Release|Any CPU.Build.0 = Release|Any CPU
	EndGlobalSection
	GlobalSection(SolutionProperties) = preSolution
		HideSolutionNode = FALSE
	EndGlobalSection
	GlobalSection(ExtensibilityGlobals) = postSolution
		SolutionGuid = {FC227D21-579C-4E27-93E0-EDB2499FB16B}
	EndGlobalSection
EndGlobal
